
Microsoft Visual Studio Solution File, Format Version 12.00
# Visual Studio Version 17
VisualStudioVersion = 17.7.34024.191
MinimumVisualStudioVersion = 10.0.40219.1
Project("{9A19103F-16F7-4668-BE54-9A1E7A4F7556}") = "InMemory.Caching", "InMemory.Caching\InMemory.Caching.csproj", "{371F879B-F424-45DA-A01F-7FC475E8CB82}"
EndProject
Project("{9A19103F-16F7-4668-BE54-9A1E7A4F7556}") = "Distributed.Caching", "Distributed.Caching\Distributed.Caching.csproj", "{1B780A93-780A-4CC7-9529-08755F628D6B}"
EndProject
Project("{9A19103F-16F7-4668-BE54-9A1E7A4F7556}") = "Redis.Pub.Sub_PublisherExam", "Redis.Pub.Sub_PublisherExam\Redis.Pub.Sub_PublisherExam\Redis.Pub.Sub_PublisherExam.csproj", "{8CBF8F68-8150-48D5-8458-7A874778E4B7}"
EndProject
Project("{9A19103F-16F7-4668-BE54-9A1E7A4F7556}") = "Redis.Pub.Sub_SubscriberExam", "Redis.Pub.Sub_SubscriberExam\Redis.Pub.Sub_SubscriberExam.csproj", "{20B28BEB-655C-447A-B04E-6C9982D248AF}"
EndProject
Project("{FAE04EC0-301F-11D3-BF4B-00C04F79EFBC}") = "Redis.Sentinel", "Redis.Sentinel\Redis.Sentinel.csproj", "{74C15B52-C45C-4CD6-B3F2-73958E32AD82}"
EndProject
Project("{FAE04EC0-301F-11D3-BF4B-00C04F79EFBC}") = "Redis.SessionCache", "Redis.SessionCache\Redis.SessionCache.csproj", "{E2642D5A-5DE9-4F1C-9D13-6201E20A2481}"
EndProject
Global
	GlobalSection(SolutionConfigurationPlatforms) = preSolution
		Debug|Any CPU = Debug|Any CPU
		Release|Any CPU = Release|Any CPU
	EndGlobalSection
	GlobalSection(ProjectConfigurationPlatforms) = postSolution
		{371F879B-F424-45DA-A01F-7FC475E8CB82}.Debug|Any CPU.ActiveCfg = Debug|Any CPU
		{371F879B-F424-45DA-A01F-7FC475E8CB82}.Debug|Any CPU.Build.0 = Debug|Any CPU
		{371F879B-F424-45DA-A01F-7FC475E8CB82}.Release|Any CPU.ActiveCfg = Release|Any CPU
		{371F879B-F424-45DA-A01F-7FC475E8CB82}.Release|Any CPU.Build.0 = Release|Any CPU
		{1B780A93-780A-4CC7-9529-08755F628D6B}.Debug|Any CPU.ActiveCfg = Debug|Any CPU
		{1B780A93-780A-4CC7-9529-08755F628D6B}.Debug|Any CPU.Build.0 = Debug|Any CPU
		{1B780A93-780A-4CC7-9529-08755F628D6B}.Release|Any CPU.ActiveCfg = Release|Any CPU
		{1B780A93-780A-4CC7-9529-08755F628D6B}.Release|Any CPU.Build.0 = Release|Any CPU
		{8CBF8F68-8150-48D5-8458-7A874778E4B7}.Debug|Any CPU.ActiveCfg = Debug|Any CPU
		{8CBF8F68-8150-48D5-8458-7A874778E4B7}.Debug|Any CPU.Build.0 = Debug|Any CPU
		{8CBF8F68-8150-48D5-8458-7A874778E4B7}.Release|Any CPU.ActiveCfg = Release|Any CPU
		{8CBF8F68-8150-48D5-8458-7A874778E4B7}.Release|Any CPU.Build.0 = Release|Any CPU
		{20B28BEB-655C-447A-B04E-6C9982D248AF}.Debug|Any CPU.ActiveCfg = Debug|Any CPU
		{20B28BEB-655C-447A-B04E-6C9982D248AF}.Debug|Any CPU.Build.0 = Debug|Any CPU
		{20B28BEB-655C-447A-B04E-6C9982D248AF}.Release|Any CPU.ActiveCfg = Release|Any CPU
		{20B28BEB-655C-447A-B04E-6C9982D248AF}.Release|Any CPU.Build.0 = Release|Any CPU
		{74C15B52-C45C-4CD6-B3F2-73958E32AD82}.Debug|Any CPU.ActiveCfg = Debug|Any CPU
		{74C15B52-C45C-4CD6-B3F2-73958E32AD82}.Debug|Any CPU.Build.0 = Debug|Any CPU
		{74C15B52-C45C-4CD6-B3F2-73958E32AD82}.Release|Any CPU.ActiveCfg = Release|Any CPU
		{74C15B52-C45C-4CD6-B3F2-73958E32AD82}.Release|Any CPU.Build.0 = Release|Any CPU
		{E2642D5A-5DE9-4F1C-9D13-6201E20A2481}.Debug|Any CPU.ActiveCfg = Debug|Any CPU
		{E2642D5A-5DE9-4F1C-9D13-6201E20A2481}.Debug|Any CPU.Build.0 = Debug|Any CPU
		{E2642D5A-5DE9-4F1C-9D13-6201E20A2481}.Release|Any CPU.ActiveCfg = Release|Any CPU
		{E2642D5A-5DE9-4F1C-9D13-6201E20A2481}.Release|Any CPU.Build.0 = Release|Any CPU
	EndGlobalSection
	GlobalSection(SolutionProperties) = preSolution
		HideSolutionNode = FALSE
	EndGlobalSection
	GlobalSection(ExtensibilityGlobals) = postSolution
		SolutionGuid = {3D9530DE-17B3-46D5-A3E6-1AF303E057F8}
	EndGlobalSection
EndGlobal
